
Microsoft Visual Studio Solution File, Format Version 12.00
# Visual Studio Version 16
VisualStudioVersion = 16.0.29806.167
MinimumVisualStudioVersion = 10.0.40219.1
Project("{FAE04EC0-301F-11D3-BF4B-00C04F79EFBC}") = "COMP123_M2020_LAB04", "COMP123_M2020_LAB04\COMP123_M2020_LAB04.csproj", "{DA60EE95-5ABE-41DF-AC09-8F808FC91074}"
EndProject
Global
	GlobalSection(SolutionConfigurationPlatforms) = preSolution
		Debug|Any CPU = Debug|Any CPU
		Release|Any CPU = Release|Any CPU
	EndGlobalSection
	GlobalSection(ProjectConfigurationPlatforms) = postSolution
		{DA60EE95-5ABE-41DF-AC09-8F808FC91074}.Debug|Any CPU.ActiveCfg = Debug|Any CPU
		{DA60EE95-5ABE-41DF-AC09-8F808FC91074}.Debug|Any CPU.Build.0 = Debug|Any CPU
		{DA60EE95-5ABE-41DF-AC09-8F808FC91074}.Release|Any CPU.ActiveCfg = Release|Any CPU
		{DA60EE95-5ABE-41DF-AC09-8F808FC91074}.Release|Any CPU.Build.0 = Release|Any CPU
	EndGlobalSection
	GlobalSection(SolutionProperties) = preSolution
		HideSolutionNode = FALSE
	EndGlobalSection
	GlobalSection(ExtensibilityGlobals) = postSolution
		SolutionGuid = {FE3788F7-F2C8-48CC-8314-91FE0F00A45E}
	EndGlobalSection
EndGlobal
